
Microsoft Visual Studio Solution File, Format Version 12.00
# Visual Studio Version 17
VisualStudioVersion = 17.14.37314.3 d17.14
MinimumVisualStudioVersion = 10.0.40219.1
Project("{FAE04EC0-301F-11D3-BF4B-00C04F79EFBC}") = "CircuitElement", "CircuitElement\CircuitElement.csproj", "{5FE3C6F1-1FD7-4E0A-AFA5-5AC113E1BD7E}"
EndProject
Project("{FAE04EC0-301F-11D3-BF4B-00C04F79EFBC}") = "CircuitEditor.Tests", "CircuitEditor.Tests\CircuitEditor.Tests.csproj", "{12AA8749-D431-41BD-AF98-9A2313A48BB1}"
EndProject
Global
	GlobalSection(SolutionConfigurationPlatforms) = preSolution
		Debug|Any CPU = Debug|Any CPU
		Release|Any CPU = Release|Any CPU
	EndGlobalSection
	GlobalSection(ProjectConfigurationPlatforms) = postSolution
		{5FE3C6F1-1FD7-4E0A-AFA5-5AC113E1BD7E}.Debug|Any CPU.ActiveCfg = Debug|Any CPU
		{5FE3C6F1-1FD7-4E0A-AFA5-5AC113E1BD7E}.Debug|Any CPU.Build.0 = Debug|Any CPU
		{5FE3C6F1-1FD7-4E0A-AFA5-5AC113E1BD7E}.Release|Any CPU.ActiveCfg = Release|Any CPU
		{5FE3C6F1-1FD7-4E0A-AFA5-5AC113E1BD7E}.Release|Any CPU.Build.0 = Release|Any CPU
		{12AA8749-D431-41BD-AF98-9A2313A48BB1}.Debug|Any CPU.ActiveCfg = Debug|Any CPU
		{12AA8749-D431-41BD-AF98-9A2313A48BB1}.Debug|Any CPU.Build.0 = Debug|Any CPU
		{12AA8749-D431-41BD-AF98-9A2313A48BB1}.Release|Any CPU.ActiveCfg = Release|Any CPU
		{12AA8749-D431-41BD-AF98-9A2313A48BB1}.Release|Any CPU.Build.0 = Release|Any CPU
	EndGlobalSection
	GlobalSection(SolutionProperties) = preSolution
		HideSolutionNode = FALSE
	EndGlobalSection
	GlobalSection(ExtensibilityGlobals) = postSolution
		SolutionGuid = {34386F8D-9004-455C-BE54-C9D8A105802C}
	EndGlobalSection
EndGlobal
